
Microsoft Visual Studio Solution File, Format Version 12.00
# Visual Studio Version 16
VisualStudioVersion = 16.0.29519.181
MinimumVisualStudioVersion = 10.0.40219.1
Project("{FAE04EC0-301F-11D3-BF4B-00C04F79EFBC}") = "Strategy", "Strategy\Strategy.csproj", "{8A542451-7441-444B-994B-60F1494618F3}"
EndProject
Global
	GlobalSection(SolutionConfigurationPlatforms) = preSolution
		Debug|Any CPU = Debug|Any CPU
		Release|Any CPU = Release|Any CPU
	EndGlobalSection
	GlobalSection(ProjectConfigurationPlatforms) = postSolution
		{8A542451-7441-444B-994B-60F1494618F3}.Debug|Any CPU.ActiveCfg = Debug|Any CPU
		{8A542451-7441-444B-994B-60F1494618F3}.Debug|Any CPU.Build.0 = Debug|Any CPU
		{8A542451-7441-444B-994B-60F1494618F3}.Release|Any CPU.ActiveCfg = Release|Any CPU
		{8A542451-7441-444B-994B-60F1494618F3}.Release|Any CPU.Build.0 = Release|Any CPU
	EndGlobalSection
	GlobalSection(SolutionProperties) = preSolution
		HideSolutionNode = FALSE
	EndGlobalSection
	GlobalSection(ExtensibilityGlobals) = postSolution
		SolutionGuid = {0046F9E6-C339-47B1-9B77-C36842EF42CF}
	EndGlobalSection
EndGlobal
